// !$*UTF8*$!
{
	archiveVersion = 1;
	classes = {
	};
	objectVersion = 51;
	objects = {

/* Begin PBXBuildFile section */
		4E382A9925FEEA66006A4B20 /* FlightDetailsViewController.swift in Sources */ = {isa = PBXBuildFile; fileRef = 4E382A9825FEEA66006A4B20 /* FlightDetailsViewController.swift */; };
		4E3C94BD25F7EB1B009BE199 /* AppDelegate.swift in Sources */ = {isa = PBXBuildFile; fileRef = 4E3C94BC25F7EB1B009BE199 /* AppDelegate.swift */; };
		4E3C94C125F7EB1B009BE199 /* ViewController.swift in Sources */ = {isa = PBXBuildFile; fileRef = 4E3C94C025F7EB1B009BE199 /* ViewController.swift */; };
		4E3C94C425F7EB1B009BE199 /* Main.storyboard in Resources */ = {isa = PBXBuildFile; fileRef = 4E3C94C225F7EB1B009BE199 /* Main.storyboard */; };
		4E3C94C625F7EB1C009BE199 /* Assets.xcassets in Resources */ = {isa = PBXBuildFile; fileRef = 4E3C94C525F7EB1C009BE199 /* Assets.xcassets */; };
		4E3C94C925F7EB1C009BE199 /* LaunchScreen.storyboard in Resources */ = {isa = PBXBuildFile; fileRef = 4E3C94C725F7EB1C009BE199 /* LaunchScreen.storyboard */; };
		4E3C94D425F7EB1D009BE199 /* TravelDemoTests.swift in Sources */ = {isa = PBXBuildFile; fileRef = 4E3C94D325F7EB1D009BE199 /* TravelDemoTests.swift */; };
		4E3C94DF25F7EB1D009BE199 /* TravelDemoUITests.swift in Sources */ = {isa = PBXBuildFile; fileRef = 4E3C94DE25F7EB1D009BE199 /* TravelDemoUITests.swift */; };
		4E3C94EE25F812E0009BE199 /* SearchList.json in Resources */ = {isa = PBXBuildFile; fileRef = 4E3C94ED25F812E0009BE199 /* SearchList.json */; };
		4E3C94F525F8141D009BE199 /* FlightDataModel.swift in Sources */ = {isa = PBXBuildFile; fileRef = 4E3C94F425F8141D009BE199 /* FlightDataModel.swift */; };
		4E3C94F725F81A83009BE199 /* FlightResultModel.swift in Sources */ = {isa = PBXBuildFile; fileRef = 4E3C94F625F81A83009BE199 /* FlightResultModel.swift */; };
		4E3C94F925F81B37009BE199 /* FareRuleModel.swift in Sources */ = {isa = PBXBuildFile; fileRef = 4E3C94F825F81B37009BE199 /* FareRuleModel.swift */; };
		4E3C94FB25F81BA8009BE199 /* FareBreakdownModel.swift in Sources */ = {isa = PBXBuildFile; fileRef = 4E3C94FA25F81BA8009BE199 /* FareBreakdownModel.swift */; };
		4E3C94FD25F823C7009BE199 /* FareModel.swift in Sources */ = {isa = PBXBuildFile; fileRef = 4E3C94FC25F823C7009BE199 /* FareModel.swift */; };
		4E3C94FF25F8394D009BE199 /* SegmentModel.swift in Sources */ = {isa = PBXBuildFile; fileRef = 4E3C94FE25F8394D009BE199 /* SegmentModel.swift */; };
		4E3C950125F83A01009BE199 /* DestinationModel.swift in Sources */ = {isa = PBXBuildFile; fileRef = 4E3C950025F83A01009BE199 /* DestinationModel.swift */; };
		4E3C950325F83A5E009BE199 /* AirlineDetailModel.swift in Sources */ = {isa = PBXBuildFile; fileRef = 4E3C950225F83A5E009BE199 /* AirlineDetailModel.swift */; };
		4E3C950825F84EAC009BE199 /* FlightCollectionViewCell.swift in Sources */ = {isa = PBXBuildFile; fileRef = 4E3C950625F84EAC009BE199 /* FlightCollectionViewCell.swift */; };
		4E3C950925F84EAC009BE199 /* FlightCollectionViewCell.xib in Resources */ = {isa = PBXBuildFile; fileRef = 4E3C950725F84EAC009BE199 /* FlightCollectionViewCell.xib */; };
		4EA6D09825F91F40005D4585 /* UIImageExtension.swift in Sources */ = {isa = PBXBuildFile; fileRef = 4EA6D09725F91F40005D4585 /* UIImageExtension.swift */; };
		4EA6D09A25F91F59005D4585 /* flight_dots.gif in Resources */ = {isa = PBXBuildFile; fileRef = 4EA6D09925F91F59005D4585 /* flight_dots.gif */; };
		4EA6D09C25F93951005D4585 /* Flight_Reverse_Dots.gif in Resources */ = {isa = PBXBuildFile; fileRef = 4EA6D09B25F93950005D4585 /* Flight_Reverse_Dots.gif */; };
		A810856421AAD2FD1228D292 /* Pods_TravelDemo.framework in Frameworks */ = {isa = PBXBuildFile; fileRef = 0010F936CDD942871D71E92D /* Pods_TravelDemo.framework */; };
		C42721AC99C08F561C80C51E /* Pods_TravelDemo_TravelDemoUITests.framework in Frameworks */ = {isa = PBXBuildFile; fileRef = 54140DA4FC7B544265A1F2EB /* Pods_TravelDemo_TravelDemoUITests.framework */; };
		C732B26FBD96EE9F507DC4E2 /* Pods_TravelDemoTests.framework in Frameworks */ = {isa = PBXBuildFile; fileRef = 5097C5955A8C06888775DF42 /* Pods_TravelDemoTests.framework */; };
/* End PBXBuildFile section */

/* Begin PBXContainerItemProxy section */
		4E3C94D025F7EB1C009BE199 /* PBXContainerItemProxy */ = {
			isa = PBXContainerItemProxy;
			containerPortal = 4E3C94B125F7EB1B009BE199 /* Project object */;
			proxyType = 1;
			remoteGlobalIDString = 4E3C94B825F7EB1B009BE199;
			remoteInfo = TravelDemo;
		};
		4E3C94DB25F7EB1D009BE199 /* PBXContainerItemProxy */ = {
			isa = PBXContainerItemProxy;
			containerPortal = 4E3C94B125F7EB1B009BE199 /* Project object */;
			proxyType = 1;
			remoteGlobalIDString = 4E3C94B825F7EB1B009BE199;
			remoteInfo = TravelDemo;
		};
/* End PBXContainerItemProxy section */

/* Begin PBXFileReference section */
		0010F936CDD942871D71E92D /* Pods_TravelDemo.framework */ = {isa = PBXFileReference; explicitFileType = wrapper.framework; includeInIndex = 0; path = Pods_TravelDemo.framework; sourceTree = BUILT_PRODUCTS_DIR; };
		4CBFD524880D49B50FAFEAE0 /* Pods-TravelDemo.release.xcconfig */ = {isa = PBXFileReference; includeInIndex = 1; lastKnownFileType = text.xcconfig; name = "Pods-TravelDemo.release.xcconfig"; path = "Target Support Files/Pods-TravelDemo/Pods-TravelDemo.release.xcconfig"; sourceTree = "<group>"; };
		4E382A9825FEEA66006A4B20 /* FlightDetailsViewController.swift */ = {isa = PBXFileReference; lastKnownFileType = sourcecode.swift; path = FlightDetailsViewController.swift; sourceTree = "<group>"; };
		4E3C94B925F7EB1B009BE199 /* TravelDemo.app */ = {isa = PBXFileReference; explicitFileType = wrapper.application; includeInIndex = 0; path = TravelDemo.app; sourceTree = BUILT_PRODUCTS_DIR; };
		4E3C94BC25F7EB1B009BE199 /* AppDelegate.swift */ = {isa = PBXFileReference; lastKnownFileType = sourcecode.swift; path = AppDelegate.swift; sourceTree = "<group>"; };
		4E3C94C025F7EB1B009BE199 /* ViewController.swift */ = {isa = PBXFileReference; lastKnownFileType = sourcecode.swift; path = ViewController.swift; sourceTree = "<group>"; };
		4E3C94C325F7EB1B009BE199 /* Base */ = {isa = PBXFileReference; lastKnownFileType = file.storyboard; name = Base; path = Base.lproj/Main.storyboard; sourceTree = "<group>"; };
		4E3C94C525F7EB1C009BE199 /* Assets.xcassets */ = {isa = PBXFileReference; lastKnownFileType = folder.assetcatalog; path = Assets.xcassets; sourceTree = "<group>"; };
		4E3C94C825F7EB1C009BE199 /* Base */ = {isa = PBXFileReference; lastKnownFileType = file.storyboard; name = Base; path = Base.lproj/LaunchScreen.storyboard; sourceTree = "<group>"; };
		4E3C94CA25F7EB1C009BE199 /* Info.plist */ = {isa = PBXFileReference; lastKnownFileType = text.plist.xml; path = Info.plist; sourceTree = "<group>"; };
		4E3C94CF25F7EB1C009BE199 /* TravelDemoTests.xctest */ = {isa = PBXFileReference; explicitFileType = wrapper.cfbundle; includeInIndex = 0; path = TravelDemoTests.xctest; sourceTree = BUILT_PRODUCTS_DIR; };
		4E3C94D325F7EB1D009BE199 /* TravelDemoTests.swift */ = {isa = PBXFileReference; lastKnownFileType = sourcecode.swift; path = TravelDemoTests.swift; sourceTree = "<group>"; };
		4E3C94D525F7EB1D009BE199 /* Info.plist */ = {isa = PBXFileReference; lastKnownFileType = text.plist.xml; path = Info.plist; sourceTree = "<group>"; };
		4E3C94DA25F7EB1D009BE199 /* TravelDemoUITests.xctest */ = {isa = PBXFileReference; explicitFileType = wrapper.cfbundle; includeInIndex = 0; path = TravelDemoUITests.xctest; sourceTree = BUILT_PRODUCTS_DIR; };
		4E3C94DE25F7EB1D009BE199 /* TravelDemoUITests.swift */ = {isa = PBXFileReference; lastKnownFileType = sourcecode.swift; path = TravelDemoUITests.swift; sourceTree = "<group>"; };
		4E3C94E025F7EB1D009BE199 /* Info.plist */ = {isa = PBXFileReference; lastKnownFileType = text.plist.xml; path = Info.plist; sourceTree = "<group>"; };
		4E3C94ED25F812E0009BE199 /* SearchList.json */ = {isa = PBXFileReference; fileEncoding = 4; lastKnownFileType = text.json; path = SearchList.json; sourceTree = "<group>"; };
		4E3C94F425F8141D009BE199 /* FlightDataModel.swift */ = {isa = PBXFileReference; lastKnownFileType = sourcecode.swift; path = FlightDataModel.swift; sourceTree = "<group>"; };
		4E3C94F625F81A83009BE199 /* FlightResultModel.swift */ = {isa = PBXFileReference; lastKnownFileType = sourcecode.swift; path = FlightResultModel.swift; sourceTree = "<group>"; };
		4E3C94F825F81B37009BE199 /* FareRuleModel.swift */ = {isa = PBXFileReference; lastKnownFileType = sourcecode.swift; path = FareRuleModel.swift; sourceTree = "<group>"; };
		4E3C94FA25F81BA8009BE199 /* FareBreakdownModel.swift */ = {isa = PBXFileReference; lastKnownFileType = sourcecode.swift; path = FareBreakdownModel.swift; sourceTree = "<group>"; };
		4E3C94FC25F823C7009BE199 /* FareModel.swift */ = {isa = PBXFileReference; lastKnownFileType = sourcecode.swift; path = FareModel.swift; sourceTree = "<group>"; };
		4E3C94FE25F8394D009BE199 /* SegmentModel.swift */ = {isa = PBXFileReference; lastKnownFileType = sourcecode.swift; path = SegmentModel.swift; sourceTree = "<group>"; };
		4E3C950025F83A01009BE199 /* DestinationModel.swift */ = {isa = PBXFileReference; lastKnownFileType = sourcecode.swift; path = DestinationModel.swift; sourceTree = "<group>"; };
		4E3C950225F83A5E009BE199 /* AirlineDetailModel.swift */ = {isa = PBXFileReference; lastKnownFileType = sourcecode.swift; path = AirlineDetailModel.swift; sourceTree = "<group>"; };
		4E3C950625F84EAC009BE199 /* FlightCollectionViewCell.swift */ = {isa = PBXFileReference; lastKnownFileType = sourcecode.swift; path = FlightCollectionViewCell.swift; sourceTree = "<group>"; };
		4E3C950725F84EAC009BE199 /* FlightCollectionViewCell.xib */ = {isa = PBXFileReference; lastKnownFileType = file.xib; path = FlightCollectionViewCell.xib; sourceTree = "<group>"; };
		4EA6D09725F91F40005D4585 /* UIImageExtension.swift */ = {isa = PBXFileReference; lastKnownFileType = sourcecode.swift; path = UIImageExtension.swift; sourceTree = "<group>"; };
		4EA6D09925F91F59005D4585 /* flight_dots.gif */ = {isa = PBXFileReference; lastKnownFileType = image.gif; path = flight_dots.gif; sourceTree = "<group>"; };
		4EA6D09B25F93950005D4585 /* Flight_Reverse_Dots.gif */ = {isa = PBXFileReference; lastKnownFileType = image.gif; path = Flight_Reverse_Dots.gif; sourceTree = "<group>"; };
		5097C5955A8C06888775DF42 /* Pods_TravelDemoTests.framework */ = {isa = PBXFileReference; explicitFileType = wrapper.framework; includeInIndex = 0; path = Pods_TravelDemoTests.framework; sourceTree = BUILT_PRODUCTS_DIR; };
		54140DA4FC7B544265A1F2EB /* Pods_TravelDemo_TravelDemoUITests.framework */ = {isa = PBXFileReference; explicitFileType = wrapper.framework; includeInIndex = 0; path = Pods_TravelDemo_TravelDemoUITests.framework; sourceTree = BUILT_PRODUCTS_DIR; };
		577855D0BB105CF9DC7963A9 /* Pods-TravelDemo-TravelDemoUITests.debug.xcconfig */ = {isa = PBXFileReference; includeInIndex = 1; lastKnownFileType = text.xcconfig; name = "Pods-TravelDemo-TravelDemoUITests.debug.xcconfig"; path = "Target Support Files/Pods-TravelDemo-TravelDemoUITests/Pods-TravelDemo-TravelDemoUITests.debug.xcconfig"; sourceTree = "<group>"; };
		751FCC2712F7A6A79BECD1CA /* Pods-TravelDemoTests.debug.xcconfig */ = {isa = PBXFileReference; includeInIndex = 1; lastKnownFileType = text.xcconfig; name = "Pods-TravelDemoTests.debug.xcconfig"; path = "Target Support Files/Pods-TravelDemoTests/Pods-TravelDemoTests.debug.xcconfig"; sourceTree = "<group>"; };
		82FEB1480BDEFC2A023493F9 /* Pods-TravelDemo.debug.xcconfig */ = {isa = PBXFileReference; includeInIndex = 1; lastKnownFileType = text.xcconfig; name = "Pods-TravelDemo.debug.xcconfig"; path = "Target Support Files/Pods-TravelDemo/Pods-TravelDemo.debug.xcconfig"; sourceTree = "<group>"; };
		B39FBBB9DA90DB963EB875DE /* Pods-TravelDemo-TravelDemoUITests.release.xcconfig */ = {isa = PBXFileReference; includeInIndex = 1; lastKnownFileType = text.xcconfig; name = "Pods-TravelDemo-TravelDemoUITests.release.xcconfig"; path = "Target Support Files/Pods-TravelDemo-TravelDemoUITests/Pods-TravelDemo-TravelDemoUITests.release.xcconfig"; sourceTree = "<group>"; };
		D6C0C5925DFBCD4A97475CE5 /* Pods-TravelDemoTests.release.xcconfig */ = {isa = PBXFileReference; includeInIndex = 1; lastKnownFileType = text.xcconfig; name = "Pods-TravelDemoTests.release.xcconfig"; path = "Target Support Files/Pods-TravelDemoTests/Pods-TravelDemoTests.release.xcconfig"; sourceTree = "<group>"; };
/* End PBXFileReference section */

/* Begin PBXFrameworksBuildPhase section */
		4E3C94B625F7EB1B009BE199 /* Frameworks */ = {
			isa = PBXFrameworksBuildPhase;
			buildActionMask = 2147483647;
			files = (
				A810856421AAD2FD1228D292 /* Pods_TravelDemo.framework in Frameworks */,
			);
			runOnlyForDeploymentPostprocessing = 0;
		};
		4E3C94CC25F7EB1C009BE199 /* Frameworks */ = {
			isa = PBXFrameworksBuildPhase;
			buildActionMask = 2147483647;
			files = (
				C732B26FBD96EE9F507DC4E2 /* Pods_TravelDemoTests.framework in Frameworks */,
			);
			runOnlyForDeploymentPostprocessing = 0;
		};
		4E3C94D725F7EB1D009BE199 /* Frameworks */ = {
			isa = PBXFrameworksBuildPhase;
			buildActionMask = 2147483647;
			files = (
				C42721AC99C08F561C80C51E /* Pods_TravelDemo_TravelDemoUITests.framework in Frameworks */,
			);
			runOnlyForDeploymentPostprocessing = 0;
		};
/* End PBXFrameworksBuildPhase section */

/* Begin PBXGroup section */
		4E3C94B025F7EB1B009BE199 = {
			isa = PBXGroup;
			children = (
				4E3C94BB25F7EB1B009BE199 /* TravelDemo */,
				4E3C94D225F7EB1D009BE199 /* TravelDemoTests */,
				4E3C94DD25F7EB1D009BE199 /* TravelDemoUITests */,
				4E3C94BA25F7EB1B009BE199 /* Products */,
				B72AE1551A417AAA273B9D3F /* Pods */,
				BC69866F2063E9BE10DD4FA1 /* Frameworks */,
			);
			sourceTree = "<group>";
		};
		4E3C94BA25F7EB1B009BE199 /* Products */ = {
			isa = PBXGroup;
			children = (
				4E3C94B925F7EB1B009BE199 /* TravelDemo.app */,
				4E3C94CF25F7EB1C009BE199 /* TravelDemoTests.xctest */,
				4E3C94DA25F7EB1D009BE199 /* TravelDemoUITests.xctest */,
			);
			name = Products;
			sourceTree = "<group>";
		};
		4E3C94BB25F7EB1B009BE199 /* TravelDemo */ = {
			isa = PBXGroup;
			children = (
				4EA6D09625F91EB8005D4585 /* Utilities */,
				4E3C950425F84E78009BE199 /* XibWithClasses */,
				4E3C94F325F81401009BE199 /* DataModels */,
				4E3C94F225F8138F009BE199 /* Assets */,
				4E3C94F125F81376009BE199 /* Storyboards */,
				4E3C94F025F81368009BE199 /* AppDelegate */,
				4E3C94EF25F812EC009BE199 /* Controllers */,
				4E3C94EC25F812CB009BE199 /* Resource */,
				4E3C94CA25F7EB1C009BE199 /* Info.plist */,
			);
			path = TravelDemo;
			sourceTree = "<group>";
		};
		4E3C94D225F7EB1D009BE199 /* TravelDemoTests */ = {
			isa = PBXGroup;
			children = (
				4E3C94D325F7EB1D009BE199 /* TravelDemoTests.swift */,
				4E3C94D525F7EB1D009BE199 /* Info.plist */,
			);
			path = TravelDemoTests;
			sourceTree = "<group>";
		};
		4E3C94DD25F7EB1D009BE199 /* TravelDemoUITests */ = {
			isa = PBXGroup;
			children = (
				4E3C94DE25F7EB1D009BE199 /* TravelDemoUITests.swift */,
				4E3C94E025F7EB1D009BE199 /* Info.plist */,
			);
			path = TravelDemoUITests;
			sourceTree = "<group>";
		};
		4E3C94EC25F812CB009BE199 /* Resource */ = {
			isa = PBXGroup;
			children = (
				4EA6D09B25F93950005D4585 /* Flight_Reverse_Dots.gif */,
				4EA6D09925F91F59005D4585 /* flight_dots.gif */,
				4E3C94ED25F812E0009BE199 /* SearchList.json */,
			);
			path = Resource;
			sourceTree = "<group>";
		};
		4E3C94EF25F812EC009BE199 /* Controllers */ = {
			isa = PBXGroup;
			children = (
				4E3C94C025F7EB1B009BE199 /* ViewController.swift */,
				4E382A9825FEEA66006A4B20 /* FlightDetailsViewController.swift */,
			);
			path = Controllers;
			sourceTree = "<group>";
		};
		4E3C94F025F81368009BE199 /* AppDelegate */ = {
			isa = PBXGroup;
			children = (
				4E3C94BC25F7EB1B009BE199 /* AppDelegate.swift */,
			);
			path = AppDelegate;
			sourceTree = "<group>";
		};
		4E3C94F125F81376009BE199 /* Storyboards */ = {
			isa = PBXGroup;
			children = (
				4E3C94C225F7EB1B009BE199 /* Main.storyboard */,
				4E3C94C725F7EB1C009BE199 /* LaunchScreen.storyboard */,
			);
			path = Storyboards;
			sourceTree = "<group>";
		};
		4E3C94F225F8138F009BE199 /* Assets */ = {
			isa = PBXGroup;
			children = (
				4E3C94C525F7EB1C009BE199 /* Assets.xcassets */,
			);
			path = Assets;
			sourceTree = "<group>";
		};
		4E3C94F325F81401009BE199 /* DataModels */ = {
			isa = PBXGroup;
			children = (
				4E3C94F425F8141D009BE199 /* FlightDataModel.swift */,
				4E3C94F625F81A83009BE199 /* FlightResultModel.swift */,
				4E3C94F825F81B37009BE199 /* FareRuleModel.swift */,
				4E3C94FA25F81BA8009BE199 /* FareBreakdownModel.swift */,
				4E3C94FC25F823C7009BE199 /* FareModel.swift */,
				4E3C94FE25F8394D009BE199 /* SegmentModel.swift */,
				4E3C950025F83A01009BE199 /* DestinationModel.swift */,
				4E3C950225F83A5E009BE199 /* AirlineDetailModel.swift */,
			);
			path = DataModels;
			sourceTree = "<group>";
		};
		4E3C950425F84E78009BE199 /* XibWithClasses */ = {
			isa = PBXGroup;
			children = (
				4E3C950525F84E87009BE199 /* FlightCollectionViewCell */,
			);
			path = XibWithClasses;
			sourceTree = "<group>";
		};
		4E3C950525F84E87009BE199 /* FlightCollectionViewCell */ = {
			isa = PBXGroup;
			children = (
				4E3C950625F84EAC009BE199 /* FlightCollectionViewCell.swift */,
				4E3C950725F84EAC009BE199 /* FlightCollectionViewCell.xib */,
			);
			path = FlightCollectionViewCell;
			sourceTree = "<group>";
		};
		4EA6D09625F91EB8005D4585 /* Utilities */ = {
			isa = PBXGroup;
			children = (
				4EA6D09725F91F40005D4585 /* UIImageExtension.swift */,
			);
			path = Utilities;
			sourceTree = "<group>";
		};
		B72AE1551A417AAA273B9D3F /* Pods */ = {
			isa = PBXGroup;
			children = (
				82FEB1480BDEFC2A023493F9 /* Pods-TravelDemo.debug.xcconfig */,
				4CBFD524880D49B50FAFEAE0 /* Pods-TravelDemo.release.xcconfig */,
				577855D0BB105CF9DC7963A9 /* Pods-TravelDemo-TravelDemoUITests.debug.xcconfig */,
				B39FBBB9DA90DB963EB875DE /* Pods-TravelDemo-TravelDemoUITests.release.xcconfig */,
				751FCC2712F7A6A79BECD1CA /* Pods-TravelDemoTests.debug.xcconfig */,
				D6C0C5925DFBCD4A97475CE5 /* Pods-TravelDemoTests.release.xcconfig */,
			);
			path = Pods;
			sourceTree = "<group>";
		};
		BC69866F2063E9BE10DD4FA1 /* Frameworks */ = {
			isa = PBXGroup;
			children = (
				0010F936CDD942871D71E92D /* Pods_TravelDemo.framework */,
				54140DA4FC7B544265A1F2EB /* Pods_TravelDemo_TravelDemoUITests.framework */,
				5097C5955A8C06888775DF42 /* Pods_TravelDemoTests.framework */,
			);
			name = Frameworks;
			sourceTree = "<group>";
		};
/* End PBXGroup section */

/* Begin PBXNativeTarget section */
		4E3C94B825F7EB1B009BE199 /* TravelDemo */ = {
			isa = PBXNativeTarget;
			buildConfigurationList = 4E3C94E325F7EB1D009BE199 /* Build configuration list for PBXNativeTarget "TravelDemo" */;
			buildPhases = (
				CB3D6165A5EF656BD21BED09 /* [CP] Check Pods Manifest.lock */,
				4E3C94B525F7EB1B009BE199 /* Sources */,
				4E3C94B625F7EB1B009BE199 /* Frameworks */,
				4E3C94B725F7EB1B009BE199 /* Resources */,
				6D63DBC363D3600BAAB73B16 /* [CP] Embed Pods Frameworks */,
			);
			buildRules = (
			);
			dependencies = (
			);
			name = TravelDemo;
			productName = TravelDemo;
			productReference = 4E3C94B925F7EB1B009BE199 /* TravelDemo.app */;
			productType = "com.apple.product-type.application";
		};
		4E3C94CE25F7EB1C009BE199 /* TravelDemoTests */ = {
			isa = PBXNativeTarget;
			buildConfigurationList = 4E3C94E625F7EB1D009BE199 /* Build configuration list for PBXNativeTarget "TravelDemoTests" */;
			buildPhases = (
				04C75900FBAEE92FE1E9C471 /* [CP] Check Pods Manifest.lock */,
				4E3C94CB25F7EB1C009BE199 /* Sources */,
				4E3C94CC25F7EB1C009BE199 /* Frameworks */,
				4E3C94CD25F7EB1C009BE199 /* Resources */,
			);
			buildRules = (
			);
			dependencies = (
				4E3C94D125F7EB1C009BE199 /* PBXTargetDependency */,
			);
			name = TravelDemoTests;
			productName = TravelDemoTests;
			productReference = 4E3C94CF25F7EB1C009BE199 /* TravelDemoTests.xctest */;
			productType = "com.apple.product-type.bundle.unit-test";
		};
		4E3C94D925F7EB1D009BE199 /* TravelDemoUITests */ = {
			isa = PBXNativeTarget;
			buildConfigurationList = 4E3C94E925F7EB1D009BE199 /* Build configuration list for PBXNativeTarget "TravelDemoUITests" */;
			buildPhases = (
				B894954D701E30BA487E11C9 /* [CP] Check Pods Manifest.lock */,
				4E3C94D625F7EB1D009BE199 /* Sources */,
				4E3C94D725F7EB1D009BE199 /* Frameworks */,
				4E3C94D825F7EB1D009BE199 /* Resources */,
				5D28FA97BB113C2AAF157B5C /* [CP] Embed Pods Frameworks */,
			);
			buildRules = (
			);
			dependencies = (
				4E3C94DC25F7EB1D009BE199 /* PBXTargetDependency */,
			);
			name = TravelDemoUITests;
			productName = TravelDemoUITests;
			productReference = 4E3C94DA25F7EB1D009BE199 /* TravelDemoUITests.xctest */;
			productType = "com.apple.product-type.bundle.ui-testing";
		};
/* End PBXNativeTarget section */

/* Begin PBXProject section */
		4E3C94B125F7EB1B009BE199 /* Project object */ = {
			isa = PBXProject;
			attributes = {
				LastSwiftUpdateCheck = 1170;
				LastUpgradeCheck = 1170;
				ORGANIZATIONNAME = "Muhammad Saud Anwar";
				TargetAttributes = {
					4E3C94B825F7EB1B009BE199 = {
						CreatedOnToolsVersion = 11.7;
					};
					4E3C94CE25F7EB1C009BE199 = {
						CreatedOnToolsVersion = 11.7;
						TestTargetID = 4E3C94B825F7EB1B009BE199;
					};
					4E3C94D925F7EB1D009BE199 = {
						CreatedOnToolsVersion = 11.7;
						TestTargetID = 4E3C94B825F7EB1B009BE199;
					};
				};
			};
			buildConfigurationList = 4E3C94B425F7EB1B009BE199 /* Build configuration list for PBXProject "TravelDemo" */;
			compatibilityVersion = "Xcode 9.3";
			developmentRegion = en;
			hasScannedForEncodings = 0;
			knownRegions = (
				en,
				Base,
			);
			mainGroup = 4E3C94B025F7EB1B009BE199;
			productRefGroup = 4E3C94BA25F7EB1B009BE199 /* Products */;
			projectDirPath = "";
			projectRoot = "";
			targets = (
				4E3C94B825F7EB1B009BE199 /* TravelDemo */,
				4E3C94CE25F7EB1C009BE199 /* TravelDemoTests */,
				4E3C94D925F7EB1D009BE199 /* TravelDemoUITests */,
			);
		};
/* End PBXProject section */

/* Begin PBXResourcesBuildPhase section */
		4E3C94B725F7EB1B009BE199 /* Resources */ = {
			isa = PBXResourcesBuildPhase;
			buildActionMask = 2147483647;
			files = (
				4E3C950925F84EAC009BE199 /* FlightCollectionViewCell.xib in Resources */,
				4E3C94C925F7EB1C009BE199 /* LaunchScreen.storyboard in Resources */,
				4EA6D09C25F93951005D4585 /* Flight_Reverse_Dots.gif in Resources */,
				4EA6D09A25F91F59005D4585 /* flight_dots.gif in Resources */,
				4E3C94EE25F812E0009BE199 /* SearchList.json in Resources */,
				4E3C94C625F7EB1C009BE199 /* Assets.xcassets in Resources */,
				4E3C94C425F7EB1B009BE199 /* Main.storyboard in Resources */,
			);
			runOnlyForDeploymentPostprocessing = 0;
		};
		4E3C94CD25F7EB1C009BE199 /* Resources */ = {
			isa = PBXResourcesBuildPhase;
			buildActionMask = 2147483647;
			files = (
			);
			runOnlyForDeploymentPostprocessing = 0;
		};
		4E3C94D825F7EB1D009BE199 /* Resources */ = {
			isa = PBXResourcesBuildPhase;
			buildActionMask = 2147483647;
			files = (
			);
			runOnlyForDeploymentPostprocessing = 0;
		};
/* End PBXResourcesBuildPhase section */

/* Begin PBXShellScriptBuildPhase section */
		04C75900FBAEE92FE1E9C471 /* [CP] Check Pods Manifest.lock */ = {
			isa = PBXShellScriptBuildPhase;
			buildActionMask = 2147483647;
			files = (
			);
			inputFileListPaths = (
			);
			inputPaths = (
				"${PODS_PODFILE_DIR_PATH}/Podfile.lock",
				"${PODS_ROOT}/Manifest.lock",
			);
			name = "[CP] Check Pods Manifest.lock";
			outputFileListPaths = (
			);
			outputPaths = (
				"$(DERIVED_FILE_DIR)/Pods-TravelDemoTests-checkManifestLockResult.txt",
			);
			runOnlyForDeploymentPostprocessing = 0;
			shellPath = /bin/sh;
			shellScript = "diff \"${PODS_PODFILE_DIR_PATH}/Podfile.lock\" \"${PODS_ROOT}/Manifest.lock\" > /dev/null\nif [ $? != 0 ] ; then\n    # print error to STDERR\n    echo \"error: The sandbox is not in sync with the Podfile.lock. Run 'pod install' or update your CocoaPods installation.\" >&2\n    exit 1\nfi\n# This output is used by Xcode 'outputs' to avoid re-running this script phase.\necho \"SUCCESS\" > \"${SCRIPT_OUTPUT_FILE_0}\"\n";
			showEnvVarsInLog = 0;
		};
		5D28FA97BB113C2AAF157B5C /* [CP] Embed Pods Frameworks */ = {
			isa = PBXShellScriptBuildPhase;
			buildActionMask = 2147483647;
			files = (
			);
			inputFileListPaths = (
				"${PODS_ROOT}/Target Support Files/Pods-TravelDemo-TravelDemoUITests/Pods-TravelDemo-TravelDemoUITests-frameworks-${CONFIGURATION}-input-files.xcfilelist",
			);
			name = "[CP] Embed Pods Frameworks";
			outputFileListPaths = (
				"${PODS_ROOT}/Target Support Files/Pods-TravelDemo-TravelDemoUITests/Pods-TravelDemo-TravelDemoUITests-frameworks-${CONFIGURATION}-output-files.xcfilelist",
			);
			runOnlyForDeploymentPostprocessing = 0;
			shellPath = /bin/sh;
			shellScript = "\"${PODS_ROOT}/Target Support Files/Pods-TravelDemo-TravelDemoUITests/Pods-TravelDemo-TravelDemoUITests-frameworks.sh\"\n";
			showEnvVarsInLog = 0;
		};
		6D63DBC363D3600BAAB73B16 /* [CP] Embed Pods Frameworks */ = {
			isa = PBXShellScriptBuildPhase;
			buildActionMask = 2147483647;
			files = (
			);
			inputFileListPaths = (
				"${PODS_ROOT}/Target Support Files/Pods-TravelDemo/Pods-TravelDemo-frameworks-${CONFIGURATION}-input-files.xcfilelist",
			);
			name = "[CP] Embed Pods Frameworks";
			outputFileListPaths = (
				"${PODS_ROOT}/Target Support Files/Pods-TravelDemo/Pods-TravelDemo-frameworks-${CONFIGURATION}-output-files.xcfilelist",
			);
			runOnlyForDeploymentPostprocessing = 0;
			shellPath = /bin/sh;
			shellScript = "\"${PODS_ROOT}/Target Support Files/Pods-TravelDemo/Pods-TravelDemo-frameworks.sh\"\n";
			showEnvVarsInLog = 0;
		};
		B894954D701E30BA487E11C9 /* [CP] Check Pods Manifest.lock */ = {
			isa = PBXShellScriptBuildPhase;
			buildActionMask = 2147483647;
			files = (
			);
			inputFileListPaths = (
			);
			inputPaths = (
				"${PODS_PODFILE_DIR_PATH}/Podfile.lock",
				"${PODS_ROOT}/Manifest.lock",
			);
			name = "[CP] Check Pods Manifest.lock";
			outputFileListPaths = (
			);
			outputPaths = (
				"$(DERIVED_FILE_DIR)/Pods-TravelDemo-TravelDemoUITests-checkManifestLockResult.txt",
			);
			runOnlyForDeploymentPostprocessing = 0;
			shellPath = /bin/sh;
			shellScript = "diff \"${PODS_PODFILE_DIR_PATH}/Podfile.lock\" \"${PODS_ROOT}/Manifest.lock\" > /dev/null\nif [ $? != 0 ] ; then\n    # print error to STDERR\n    echo \"error: The sandbox is not in sync with the Podfile.lock. Run 'pod install' or update your CocoaPods installation.\" >&2\n    exit 1\nfi\n# This output is used by Xcode 'outputs' to avoid re-running this script phase.\necho \"SUCCESS\" > \"${SCRIPT_OUTPUT_FILE_0}\"\n";
			showEnvVarsInLog = 0;
		};
		CB3D6165A5EF656BD21BED09 /* [CP] Check Pods Manifest.lock */ = {
			isa = PBXShellScriptBuildPhase;
			buildActionMask = 2147483647;
			files = (
			);
			inputFileListPaths = (
			);
			inputPaths = (
				"${PODS_PODFILE_DIR_PATH}/Podfile.lock",
				"${PODS_ROOT}/Manifest.lock",
			);
			name = "[CP] Check Pods Manifest.lock";
			outputFileListPaths = (
			);
			outputPaths = (
				"$(DERIVED_FILE_DIR)/Pods-TravelDemo-checkManifestLockResult.txt",
			);
			runOnlyForDeploymentPostprocessing = 0;
			shellPath = /bin/sh;
			shellScript = "diff \"${PODS_PODFILE_DIR_PATH}/Podfile.lock\" \"${PODS_ROOT}/Manifest.lock\" > /dev/null\nif [ $? != 0 ] ; then\n    # print error to STDERR\n    echo \"error: The sandbox is not in sync with the Podfile.lock. Run 'pod install' or update your CocoaPods installation.\" >&2\n    exit 1\nfi\n# This output is used by Xcode 'outputs' to avoid re-running this script phase.\necho \"SUCCESS\" > \"${SCRIPT_OUTPUT_FILE_0}\"\n";
			showEnvVarsInLog = 0;
		};
/* End PBXShellScriptBuildPhase section */

/* Begin PBXSourcesBuildPhase section */
		4E3C94B525F7EB1B009BE199 /* Sources */ = {
			isa = PBXSourcesBuildPhase;
			buildActionMask = 2147483647;
			files = (
				4E3C94F725F81A83009BE199 /* FlightResultModel.swift in Sources */,
				4E3C950325F83A5E009BE199 /* AirlineDetailModel.swift in Sources */,
				4E3C94FF25F8394D009BE199 /* SegmentModel.swift in Sources */,
				4E382A9925FEEA66006A4B20 /* FlightDetailsViewController.swift in Sources */,
				4E3C94C125F7EB1B009BE199 /* ViewController.swift in Sources */,
				4E3C950825F84EAC009BE199 /* FlightCollectionViewCell.swift in Sources */,
				4E3C94F925F81B37009BE199 /* FareRuleModel.swift in Sources */,
				4E3C94BD25F7EB1B009BE199 /* AppDelegate.swift in Sources */,
				4E3C94F525F8141D009BE199 /* FlightDataModel.swift in Sources */,
				4E3C94FD25F823C7009BE199 /* FareModel.swift in Sources */,
				4E3C94FB25F81BA8009BE199 /* FareBreakdownModel.swift in Sources */,
				4E3C950125F83A01009BE199 /* DestinationModel.swift in Sources */,
				4EA6D09825F91F40005D4585 /* UIImageExtension.swift in Sources */,
			);
			runOnlyForDeploymentPostprocessing = 0;
		};
		4E3C94CB25F7EB1C009BE199 /* Sources */ = {
			isa = PBXSourcesBuildPhase;
			buildActionMask = 2147483647;
			files = (
				4E3C94D425F7EB1D009BE199 /* TravelDemoTests.swift in Sources */,
			);
			runOnlyForDeploymentPostprocessing = 0;
		};
		4E3C94D625F7EB1D009BE199 /* Sources */ = {
			isa = PBXSourcesBuildPhase;
			buildActionMask = 2147483647;
			files = (
				4E3C94DF25F7EB1D009BE199 /* TravelDemoUITests.swift in Sources */,
			);
			runOnlyForDeploymentPostprocessing = 0;
		};
/* End PBXSourcesBuildPhase section */

/* Begin PBXTargetDependency section */
		4E3C94D125F7EB1C009BE199 /* PBXTargetDependency */ = {
			isa = PBXTargetDependency;
			target = 4E3C94B825F7EB1B009BE199 /* TravelDemo */;
			targetProxy = 4E3C94D025F7EB1C009BE199 /* PBXContainerItemProxy */;
		};
		4E3C94DC25F7EB1D009BE199 /* PBXTargetDependency */ = {
			isa = PBXTargetDependency;
			target = 4E3C94B825F7EB1B009BE199 /* TravelDemo */;
			targetProxy = 4E3C94DB25F7EB1D009BE199 /* PBXContainerItemProxy */;
		};
/* End PBXTargetDependency section */

/* Begin PBXVariantGroup section */
		4E3C94C225F7EB1B009BE199 /* Main.storyboard */ = {
			isa = PBXVariantGroup;
			children = (
				4E3C94C325F7EB1B009BE199 /* Base */,
			);
			name = Main.storyboard;
			sourceTree = "<group>";
		};
		4E3C94C725F7EB1C009BE199 /* LaunchScreen.storyboard */ = {
			isa = PBXVariantGroup;
			children = (
				4E3C94C825F7EB1C009BE199 /* Base */,
			);
			name = LaunchScreen.storyboard;
			sourceTree = "<group>";
		};
/* End PBXVariantGroup section */

/* Begin XCBuildConfiguration section */
		4E3C94E125F7EB1D009BE199 /* Debug */ = {
			isa = XCBuildConfiguration;
			buildSettings = {
				ALWAYS_SEARCH_USER_PATHS = NO;
				CLANG_ANALYZER_NONNULL = YES;
				CLANG_ANALYZER_NUMBER_OBJECT_CONVERSION = YES_AGGRESSIVE;
				CLANG_CXX_LANGUAGE_STANDARD = "gnu++14";
				CLANG_CXX_LIBRARY = "libc++";
				CLANG_ENABLE_MODULES = YES;
				CLANG_ENABLE_OBJC_ARC = YES;
				CLANG_ENABLE_OBJC_WEAK = YES;
				CLANG_WARN_BLOCK_CAPTURE_AUTORELEASING = YES;
				CLANG_WARN_BOOL_CONVERSION = YES;
				CLANG_WARN_COMMA = YES;
				CLANG_WARN_CONSTANT_CONVERSION = YES;
				CLANG_WARN_DEPRECATED_OBJC_IMPLEMENTATIONS = YES;
				CLANG_WARN_DIRECT_OBJC_ISA_USAGE = YES_ERROR;
				CLANG_WARN_DOCUMENTATION_COMMENTS = YES;
				CLANG_WARN_EMPTY_BODY = YES;
				CLANG_WARN_ENUM_CONVERSION = YES;
				CLANG_WARN_INFINITE_RECURSION = YES;
				CLANG_WARN_INT_CONVERSION = YES;
				CLANG_WARN_NON_LITERAL_NULL_CONVERSION = YES;
				CLANG_WARN_OBJC_IMPLICIT_RETAIN_SELF = YES;
				CLANG_WARN_OBJC_LITERAL_CONVERSION = YES;
				CLANG_WARN_OBJC_ROOT_CLASS = YES_ERROR;
				CLANG_WARN_RANGE_LOOP_ANALYSIS = YES;
				CLANG_WARN_STRICT_PROTOTYPES = YES;
				CLANG_WARN_SUSPICIOUS_MOVE = YES;
				CLANG_WARN_UNGUARDED_AVAILABILITY = YES_AGGRESSIVE;
				CLANG_WARN_UNREACHABLE_CODE = YES;
				CLANG_WARN__DUPLICATE_METHOD_MATCH = YES;
				COPY_PHASE_STRIP = NO;
				DEBUG_INFORMATION_FORMAT = dwarf;
				ENABLE_STRICT_OBJC_MSGSEND = YES;
				ENABLE_TESTABILITY = YES;
				GCC_C_LANGUAGE_STANDARD = gnu11;
				GCC_DYNAMIC_NO_PIC = NO;
				GCC_NO_COMMON_BLOCKS = YES;
				GCC_OPTIMIZATION_LEVEL = 0;
				GCC_PREPROCESSOR_DEFINITIONS = (
					"DEBUG=1",
					"$(inherited)",
				);
				GCC_WARN_64_TO_32_BIT_CONVERSION = YES;
				GCC_WARN_ABOUT_RETURN_TYPE = YES_ERROR;
				GCC_WARN_UNDECLARED_SELECTOR = YES;
				GCC_WARN_UNINITIALIZED_AUTOS = YES_AGGRESSIVE;
				GCC_WARN_UNUSED_FUNCTION = YES;
				GCC_WARN_UNUSED_VARIABLE = YES;
				IPHONEOS_DEPLOYMENT_TARGET = 13.7;
				MTL_ENABLE_DEBUG_INFO = INCLUDE_SOURCE;
				MTL_FAST_MATH = YES;
				ONLY_ACTIVE_ARCH = YES;
				SDKROOT = iphoneos;
				SWIFT_ACTIVE_COMPILATION_CONDITIONS = DEBUG;
				SWIFT_OPTIMIZATION_LEVEL = "-Onone";
			};
			name = Debug;
		};
		4E3C94E225F7EB1D009BE199 /* Release */ = {
			isa = XCBuildConfiguration;
			buildSettings = {
				ALWAYS_SEARCH_USER_PATHS = NO;
				CLANG_ANALYZER_NONNULL = YES;
				CLANG_ANALYZER_NUMBER_OBJECT_CONVERSION = YES_AGGRESSIVE;
				CLANG_CXX_LANGUAGE_STANDARD = "gnu++14";
				CLANG_CXX_LIBRARY = "libc++";
				CLANG_ENABLE_MODULES = YES;
				CLANG_ENABLE_OBJC_ARC = YES;
				CLANG_ENABLE_OBJC_WEAK = YES;
				CLANG_WARN_BLOCK_CAPTURE_AUTORELEASING = YES;
				CLANG_WARN_BOOL_CONVERSION = YES;
				CLANG_WARN_COMMA = YES;
				CLANG_WARN_CONSTANT_CONVERSION = YES;
				CLANG_WARN_DEPRECATED_OBJC_IMPLEMENTATIONS = YES;
				CLANG_WARN_DIRECT_OBJC_ISA_USAGE = YES_ERROR;
				CLANG_WARN_DOCUMENTATION_COMMENTS = YES;
				CLANG_WARN_EMPTY_BODY = YES;
				CLANG_WARN_ENUM_CONVERSION = YES;
				CLANG_WARN_INFINITE_RECURSION = YES;
				CLANG_WARN_INT_CONVERSION = YES;
				CLANG_WARN_NON_LITERAL_NULL_CONVERSION = YES;
				CLANG_WARN_OBJC_IMPLICIT_RETAIN_SELF = YES;
				CLANG_WARN_OBJC_LITERAL_CONVERSION = YES;
				CLANG_WARN_OBJC_ROOT_CLASS = YES_ERROR;
				CLANG_WARN_RANGE_LOOP_ANALYSIS = YES;
				CLANG_WARN_STRICT_PROTOTYPES = YES;
				CLANG_WARN_SUSPICIOUS_MOVE = YES;
				CLANG_WARN_UNGUARDED_AVAILABILITY = YES_AGGRESSIVE;
				CLANG_WARN_UNREACHABLE_CODE = YES;
				CLANG_WARN__DUPLICATE_METHOD_MATCH = YES;
				COPY_PHASE_STRIP = NO;
				DEBUG_INFORMATION_FORMAT = "dwarf-with-dsym";
				ENABLE_NS_ASSERTIONS = NO;
				ENABLE_STRICT_OBJC_MSGSEND = YES;
				GCC_C_LANGUAGE_STANDARD = gnu11;
				GCC_NO_COMMON_BLOCKS = YES;
				GCC_WARN_64_TO_32_BIT_CONVERSION = YES;
				GCC_WARN_ABOUT_RETURN_TYPE = YES_ERROR;
				GCC_WARN_UNDECLARED_SELECTOR = YES;
				GCC_WARN_UNINITIALIZED_AUTOS = YES_AGGRESSIVE;
				GCC_WARN_UNUSED_FUNCTION = YES;
				GCC_WARN_UNUSED_VARIABLE = YES;
				IPHONEOS_DEPLOYMENT_TARGET = 13.7;
				MTL_ENABLE_DEBUG_INFO = NO;
				MTL_FAST_MATH = YES;
				SDKROOT = iphoneos;
				SWIFT_COMPILATION_MODE = wholemodule;
				SWIFT_OPTIMIZATION_LEVEL = "-O";
				VALIDATE_PRODUCT = YES;
			};
			name = Release;
		};
		4E3C94E425F7EB1D009BE199 /* Debug */ = {
			isa = XCBuildConfiguration;
			baseConfigurationReference = 82FEB1480BDEFC2A023493F9 /* Pods-TravelDemo.debug.xcconfig */;
			buildSettings = {
				ASSETCATALOG_COMPILER_APPICON_NAME = AppIcon;
				CODE_SIGN_STYLE = Automatic;
				INFOPLIST_FILE = TravelDemo/Info.plist;
				LD_RUNPATH_SEARCH_PATHS = (
					"$(inherited)",
					"@executable_path/Frameworks",
				);
				PRODUCT_BUNDLE_IDENTIFIER = com.msa.travel.TravelDemo;
				PRODUCT_NAME = "$(TARGET_NAME)";
				SWIFT_VERSION = 5.0;
				TARGETED_DEVICE_FAMILY = "1,2";
			};
			name = Debug;
		};
		4E3C94E525F7EB1D009BE199 /* Release */ = {
			isa = XCBuildConfiguration;
			baseConfigurationReference = 4CBFD524880D49B50FAFEAE0 /* Pods-TravelDemo.release.xcconfig */;
			buildSettings = {
				ASSETCATALOG_COMPILER_APPICON_NAME = AppIcon;
				CODE_SIGN_STYLE = Automatic;
				INFOPLIST_FILE = TravelDemo/Info.plist;
				LD_RUNPATH_SEARCH_PATHS = (
					"$(inherited)",
					"@executable_path/Frameworks",
				);
				PRODUCT_BUNDLE_IDENTIFIER = com.msa.travel.TravelDemo;
				PRODUCT_NAME = "$(TARGET_NAME)";
				SWIFT_VERSION = 5.0;
				TARGETED_DEVICE_FAMILY = "1,2";
			};
			name = Release;
		};
		4E3C94E725F7EB1D009BE199 /* Debug */ = {
			isa = XCBuildConfiguration;
			baseConfigurationReference = 751FCC2712F7A6A79BECD1CA /* Pods-TravelDemoTests.debug.xcconfig */;
			buildSettings = {
				ALWAYS_EMBED_SWIFT_STANDARD_LIBRARIES = YES;
				BUNDLE_LOADER = "$(TEST_HOST)";
				CODE_SIGN_STYLE = Automatic;
				INFOPLIST_FILE = TravelDemoTests/Info.plist;
				IPHONEOS_DEPLOYMENT_TARGET = 13.7;
				LD_RUNPATH_SEARCH_PATHS = (
					"$(inherited)",
					"@executable_path/Frameworks",
					"@loader_path/Frameworks",
				);
				PRODUCT_BUNDLE_IDENTIFIER = com.msa.travel.TravelDemoTests;
				PRODUCT_NAME = "$(TARGET_NAME)";
				SWIFT_VERSION = 5.0;
				TARGETED_DEVICE_FAMILY = "1,2";
				TEST_HOST = "$(BUILT_PRODUCTS_DIR)/TravelDemo.app/TravelDemo";
			};
			name = Debug;
		};
		4E3C94E825F7EB1D009BE199 /* Release */ = {
			isa = XCBuildConfiguration;
			baseConfigurationReference = D6C0C5925DFBCD4A97475CE5 /* Pods-TravelDemoTests.release.xcconfig */;
			buildSettings = {
				ALWAYS_EMBED_SWIFT_STANDARD_LIBRARIES = YES;
				BUNDLE_LOADER = "$(TEST_HOST)";
				CODE_SIGN_STYLE = Automatic;
				INFOPLIST_FILE = TravelDemoTests/Info.plist;
				IPHONEOS_DEPLOYMENT_TARGET = 13.7;
				LD_RUNPATH_SEARCH_PATHS = (
					"$(inherited)",
					"@executable_path/Frameworks",
					"@loader_path/Frameworks",
				);
				PRODUCT_BUNDLE_IDENTIFIER = com.msa.travel.TravelDemoTests;
				PRODUCT_NAME = "$(TARGET_NAME)";
				SWIFT_VERSION = 5.0;
				TARGETED_DEVICE_FAMILY = "1,2";
				TEST_HOST = "$(BUILT_PRODUCTS_DIR)/TravelDemo.app/TravelDemo";
			};
			name = Release;
		};
		4E3C94EA25F7EB1D009BE199 /* Debug */ = {
			isa = XCBuildConfiguration;
			baseConfigurationReference = 577855D0BB105CF9DC7963A9 /* Pods-TravelDemo-TravelDemoUITests.debug.xcconfig */;
			buildSettings = {
				ALWAYS_EMBED_SWIFT_STANDARD_LIBRARIES = YES;
				CODE_SIGN_STYLE = Automatic;
				INFOPLIST_FILE = TravelDemoUITests/Info.plist;
				LD_RUNPATH_SEARCH_PATHS = (
					"$(inherited)",
					"@executable_path/Frameworks",
					"@loader_path/Frameworks",
				);
				PRODUCT_BUNDLE_IDENTIFIER = com.msa.travel.TravelDemoUITests;
				PRODUCT_NAME = "$(TARGET_NAME)";
				SWIFT_VERSION = 5.0;
				TARGETED_DEVICE_FAMILY = "1,2";
				TEST_TARGET_NAME = TravelDemo;
			};
			name = Debug;
		};
		4E3C94EB25F7EB1D009BE199 /* Release */ = {
			isa = XCBuildConfiguration;
			baseConfigurationReference = B39FBBB9DA90DB963EB875DE /* Pods-TravelDemo-TravelDemoUITests.release.xcconfig */;
			buildSettings = {
				ALWAYS_EMBED_SWIFT_STANDARD_LIBRARIES = YES;
				CODE_SIGN_STYLE = Automatic;
				INFOPLIST_FILE = TravelDemoUITests/Info.plist;
				LD_RUNPATH_SEARCH_PATHS = (
					"$(inherited)",
					"@executable_path/Frameworks",
					"@loader_path/Frameworks",
				);
				PRODUCT_BUNDLE_IDENTIFIER = com.msa.travel.TravelDemoUITests;
				PRODUCT_NAME = "$(TARGET_NAME)";
				SWIFT_VERSION = 5.0;
				TARGETED_DEVICE_FAMILY = "1,2";
				TEST_TARGET_NAME = TravelDemo;
			};
			name = Release;
		};
/* End XCBuildConfiguration section */

/* Begin XCConfigurationList section */
		4E3C94B425F7EB1B009BE199 /* Build configuration list for PBXProject "TravelDemo" */ = {
			isa = XCConfigurationList;
			buildConfigurations = (
				4E3C94E125F7EB1D009BE199 /* Debug */,
				4E3C94E225F7EB1D009BE199 /* Release */,
			);
			defaultConfigurationIsVisible = 0;
			defaultConfigurationName = Release;
		};
		4E3C94E325F7EB1D009BE199 /* Build configuration list for PBXNativeTarget "TravelDemo" */ = {
			isa = XCConfigurationList;
			buildConfigurations = (
				4E3C94E425F7EB1D009BE199 /* Debug */,
				4E3C94E525F7EB1D009BE199 /* Release */,
			);
			defaultConfigurationIsVisible = 0;
			defaultConfigurationName = Release;
		};
		4E3C94E625F7EB1D009BE199 /* Build configuration list for PBXNativeTarget "TravelDemoTests" */ = {
			isa = XCConfigurationList;
			buildConfigurations = (
				4E3C94E725F7EB1D009BE199 /* Debug */,
				4E3C94E825F7EB1D009BE199 /* Release */,
			);
			defaultConfigurationIsVisible = 0;
			defaultConfigurationName = Release;
		};
		4E3C94E925F7EB1D009BE199 /* Build configuration list for PBXNativeTarget "TravelDemoUITests" */ = {
			isa = XCConfigurationList;
			buildConfigurations = (
				4E3C94EA25F7EB1D009BE199 /* Debug */,
				4E3C94EB25F7EB1D009BE199 /* Release */,
			);
			defaultConfigurationIsVisible = 0;
			defaultConfigurationName = Release;
		};
/* End XCConfigurationList section */
	};
	rootObject = 4E3C94B125F7EB1B009BE199 /* Project object */;
}
